
Microsoft Visual Studio Solution File, Format Version 12.00
# Visual Studio 14
VisualStudioVersion = 14.0.25420.1
MinimumVisualStudioVersion = 10.0.40219.1
Project("{FAE04EC0-301F-11D3-BF4B-00C04F79EFBC}") = "DatingApp.Models", "DatingApp.Models\DatingApp.Models.csproj", "{722A47B1-3716-4E41-A9AC-75068A9EA8F3}"
EndProject
Project("{FAE04EC0-301F-11D3-BF4B-00C04F79EFBC}") = "DatingApp.Services", "DatingApp.Services\DatingApp.Services.csproj", "{C3FDE17C-8B52-470A-84E4-8564DC80B13A}"
EndProject
Project("{FAE04EC0-301F-11D3-BF4B-00C04F79EFBC}") = "DatingApp.Core", "DatingApp.Core\DatingApp.Core.csproj", "{5CAA807C-25B4-4F42-BCC8-4F3386B1E36E}"
EndProject
Project("{FAE04EC0-301F-11D3-BF4B-00C04F79EFBC}") = "DatingApp.Api", "DatingApp.Api\DatingApp.Api.csproj", "{EBF720C1-44EC-4AC0-A0F9-4FF5EF956A97}"
EndProject
Project("{FAE04EC0-301F-11D3-BF4B-00C04F79EFBC}") = "DatingApp.Repository", "DatingApp.Repository\DatingApp.Repository.csproj", "{65618338-99ED-4BC8-A44A-CFBBE23DF12D}"
EndProject
Project("{FAE04EC0-301F-11D3-BF4B-00C04F79EFBC}") = "DatingApp.Fakes", "DatingApp.Fakes\DatingApp.Fakes.csproj", "{58674238-A09D-42BC-A765-76DD14B4B71A}"
EndProject
Global
	GlobalSection(SolutionConfigurationPlatforms) = preSolution
		Debug|Any CPU = Debug|Any CPU
		Release|Any CPU = Release|Any CPU
	EndGlobalSection
	GlobalSection(ProjectConfigurationPlatforms) = postSolution
		{722A47B1-3716-4E41-A9AC-75068A9EA8F3}.Debug|Any CPU.ActiveCfg = Debug|Any CPU
		{722A47B1-3716-4E41-A9AC-75068A9EA8F3}.Debug|Any CPU.Build.0 = Debug|Any CPU
		{722A47B1-3716-4E41-A9AC-75068A9EA8F3}.Release|Any CPU.ActiveCfg = Release|Any CPU
		{722A47B1-3716-4E41-A9AC-75068A9EA8F3}.Release|Any CPU.Build.0 = Release|Any CPU
		{C3FDE17C-8B52-470A-84E4-8564DC80B13A}.Debug|Any CPU.ActiveCfg = Debug|Any CPU
		{C3FDE17C-8B52-470A-84E4-8564DC80B13A}.Debug|Any CPU.Build.0 = Debug|Any CPU
		{C3FDE17C-8B52-470A-84E4-8564DC80B13A}.Release|Any CPU.ActiveCfg = Release|Any CPU
		{C3FDE17C-8B52-470A-84E4-8564DC80B13A}.Release|Any CPU.Build.0 = Release|Any CPU
		{5CAA807C-25B4-4F42-BCC8-4F3386B1E36E}.Debug|Any CPU.ActiveCfg = Debug|Any CPU
		{5CAA807C-25B4-4F42-BCC8-4F3386B1E36E}.Debug|Any CPU.Build.0 = Debug|Any CPU
		{5CAA807C-25B4-4F42-BCC8-4F3386B1E36E}.Release|Any CPU.ActiveCfg = Release|Any CPU
		{5CAA807C-25B4-4F42-BCC8-4F3386B1E36E}.Release|Any CPU.Build.0 = Release|Any CPU
		{EBF720C1-44EC-4AC0-A0F9-4FF5EF956A97}.Debug|Any CPU.ActiveCfg = Debug|Any CPU
		{EBF720C1-44EC-4AC0-A0F9-4FF5EF956A97}.Debug|Any CPU.Build.0 = Debug|Any CPU
		{EBF720C1-44EC-4AC0-A0F9-4FF5EF956A97}.Release|Any CPU.ActiveCfg = Release|Any CPU
		{EBF720C1-44EC-4AC0-A0F9-4FF5EF956A97}.Release|Any CPU.Build.0 = Release|Any CPU
		{65618338-99ED-4BC8-A44A-CFBBE23DF12D}.Debug|Any CPU.ActiveCfg = Debug|Any CPU
		{65618338-99ED-4BC8-A44A-CFBBE23DF12D}.Debug|Any CPU.Build.0 = Debug|Any CPU
		{65618338-99ED-4BC8-A44A-CFBBE23DF12D}.Release|Any CPU.ActiveCfg = Release|Any CPU
		{65618338-99ED-4BC8-A44A-CFBBE23DF12D}.Release|Any CPU.Build.0 = Release|Any CPU
		{58674238-A09D-42BC-A765-76DD14B4B71A}.Debug|Any CPU.ActiveCfg = Debug|Any CPU
		{58674238-A09D-42BC-A765-76DD14B4B71A}.Debug|Any CPU.Build.0 = Debug|Any CPU
		{58674238-A09D-42BC-A765-76DD14B4B71A}.Release|Any CPU.ActiveCfg = Release|Any CPU
		{58674238-A09D-42BC-A765-76DD14B4B71A}.Release|Any CPU.Build.0 = Release|Any CPU
	EndGlobalSection
	GlobalSection(SolutionProperties) = preSolution
		HideSolutionNode = FALSE
	EndGlobalSection
EndGlobal
